# This file is autogenerated, do not edit; changes may be undone by the next 'dep ensure'.


[[projects]]
  branch = "master"
  digest = "1:f5fb6c4c9e14909a66efe7d3e49403234cd52523eb3997c5753a880635e8be2d"
  name = "k8s.io/apimachinery"
  packages = ["pkg/util/sets"]
  pruneopts = "UT"
  revision = "91ffda0f6be27b20a4ab1b54df88b68210775fd9"

[solve-meta]
  analyzer-name = "dep"
  analyzer-version = 1
  input-imports = ["k8s.io/apimachinery/pkg/util/sets"]
  solver-name = "gps-cdcl"
  solver-version = 1
